
Microsoft Visual Studio Solution File, Format Version 12.00
# Visual Studio Version 16
VisualStudioVersion = 16.0.30204.135
MinimumVisualStudioVersion = 10.0.40219.1
Project("{FAE04EC0-301F-11D3-BF4B-00C04F79EFBC}") = "ASP_NET_MVC_Routing", "ASP_NET_MVC_Routing.csproj", "{B7860142-2302-482E-94DE-04F57B73910C}"
EndProject
Global
	GlobalSection(SolutionConfigurationPlatforms) = preSolution
		Debug|Any CPU = Debug|Any CPU
		Release|Any CPU = Release|Any CPU
	EndGlobalSection
	GlobalSection(ProjectConfigurationPlatforms) = postSolution
		{B7860142-2302-482E-94DE-04F57B73910C}.Debug|Any CPU.ActiveCfg = Debug|Any CPU
		{B7860142-2302-482E-94DE-04F57B73910C}.Debug|Any CPU.Build.0 = Debug|Any CPU
		{B7860142-2302-482E-94DE-04F57B73910C}.Release|Any CPU.ActiveCfg = Release|Any CPU
		{B7860142-2302-482E-94DE-04F57B73910C}.Release|Any CPU.Build.0 = Release|Any CPU
	EndGlobalSection
	GlobalSection(SolutionProperties) = preSolution
		HideSolutionNode = FALSE
	EndGlobalSection
	GlobalSection(ExtensibilityGlobals) = postSolution
		SolutionGuid = {BACC1716-4C65-43C5-90EB-73C872C1E9F9}
	EndGlobalSection
EndGlobal
